
Microsoft Visual Studio Solution File, Format Version 12.00
# Visual Studio 15
VisualStudioVersion = 15.0.27130.2010
MinimumVisualStudioVersion = 10.0.40219.1
Project("{FAE04EC0-301F-11D3-BF4B-00C04F79EFBC}") = "MikuMikuWorldLib", "MikuMikuWorldLib\MikuMikuWorldLib.csproj", "{3F5EC8F3-6D61-4D37-8DCD-316BC1D6B8F3}"
	ProjectSection(ProjectDependencies) = postProject
		{6AA755CB-45ED-425B-95C3-3FA2A18F0A22} = {6AA755CB-45ED-425B-95C3-3FA2A18F0A22}
	EndProjectSection
EndProject
Project("{2150E333-8FDC-42A3-9474-1A3956D46DE8}") = "Solution Items", "Solution Items", "{FEAB8B2C-45F2-4EC0-8B08-4D21A042AC0E}"
	ProjectSection(SolutionItems) = preProject
		License.txt = License.txt
		MikuMikuWorld_Walker\Walker.txt = MikuMikuWorld_Walker\Walker.txt
		概要.txt = 概要.txt
	EndProjectSection
EndProject
Project("{FAE04EC0-301F-11D3-BF4B-00C04F79EFBC}") = "MikuMikuWorld_TestWindow", "MikuMikuWorld_TestWindow\MikuMikuWorld_TestWindow.csproj", "{7861EB20-E894-4AF5-99A7-79C2E2CB55A0}"
EndProject
Project("{FAE04EC0-301F-11D3-BF4B-00C04F79EFBC}") = "MikuMikuWorld_PhysicsTest", "MikuMikuWorld_PhysicsTest\MikuMikuWorld_PhysicsTest.csproj", "{D86DD1C0-3B31-4E92-840F-44E41346F631}"
EndProject
Project("{FAE04EC0-301F-11D3-BF4B-00C04F79EFBC}") = "MikuMikuWorld_MqoImportTest", "MikuMikuWorld_MqoImportTest\MikuMikuWorld_MqoImportTest.csproj", "{10D7D246-A09B-469E-A78C-96F1C491C9AC}"
EndProject
Project("{FAE04EC0-301F-11D3-BF4B-00C04F79EFBC}") = "MikuMikuWorld_Walker", "MikuMikuWorld_Walker\MikuMikuWorld_Walker.csproj", "{34BD6B5A-0ADE-4662-9ED6-C9B6ACC046E2}"
	ProjectSection(ProjectDependencies) = postProject
		{3C67840C-F61B-4651-BDBF-B377B6080FB0} = {3C67840C-F61B-4651-BDBF-B377B6080FB0}
		{835DAC26-F9B1-4874-9B78-80DEA5EA5974} = {835DAC26-F9B1-4874-9B78-80DEA5EA5974}
		{BC63D84A-07FA-4102-A0D2-6B6C616EB982} = {BC63D84A-07FA-4102-A0D2-6B6C616EB982}
	EndProjectSection
EndProject
Project("{FAE04EC0-301F-11D3-BF4B-00C04F79EFBC}") = "PmdModelImporter", "PmdModelImporter\PmdModelImporter.csproj", "{835DAC26-F9B1-4874-9B78-80DEA5EA5974}"
EndProject
Project("{FAE04EC0-301F-11D3-BF4B-00C04F79EFBC}") = "PmxModelImporter", "PmxModelImporter\PmxModelImporter.csproj", "{3C67840C-F61B-4651-BDBF-B377B6080FB0}"
EndProject
Project("{FAE04EC0-301F-11D3-BF4B-00C04F79EFBC}") = "MqoModelImporter", "MqoModelImporter\MqoModelImporter.csproj", "{BC63D84A-07FA-4102-A0D2-6B6C616EB982}"
EndProject
Project("{FAE04EC0-301F-11D3-BF4B-00C04F79EFBC}") = "MatrixChecker", "MatrixChecker\MatrixChecker.csproj", "{2642DF33-2412-420E-B096-7628BB576E2F}"
EndProject
Project("{FAE04EC0-301F-11D3-BF4B-00C04F79EFBC}") = "MikuMikuWorld_PBRTest", "MikuMikuWorld_PBRTest\MikuMikuWorld_PBRTest.csproj", "{0D3D4B54-0436-4BEB-8F8C-7F65A89E69D8}"
EndProject
Project("{FAE04EC0-301F-11D3-BF4B-00C04F79EFBC}") = "MikuMikuWorld_AroundViewTest", "MikuMikuWorld_AroundViewTest\MikuMikuWorld_AroundViewTest.csproj", "{061ECB6B-C8E0-4296-9031-AF14E3A114FE}"
EndProject
Project("{FAE04EC0-301F-11D3-BF4B-00C04F79EFBC}") = "MMWSimpleExporter", "MMWSimpleExporter\MMWSimpleExporter.csproj", "{84741855-51E6-4DB6-B2D2-55604875C7B7}"
EndProject
Project("{FAE04EC0-301F-11D3-BF4B-00C04F79EFBC}") = "VmdMotionImporter", "VmdMotionImporter\VmdMotionImporter.csproj", "{83881F16-B256-4DED-A10A-AED4D69A00A3}"
EndProject
Project("{FAE04EC0-301F-11D3-BF4B-00C04F79EFBC}") = "VmdTest", "VmdTest\VmdTest.csproj", "{4C1E15B0-31BF-4428-8080-4BD9EF4AA422}"
EndProject
Project("{FAE04EC0-301F-11D3-BF4B-00C04F79EFBC}") = "MikuMikuWorldScript", "MikuMikuWorldScript\MikuMikuWorldScript.csproj", "{6AA755CB-45ED-425B-95C3-3FA2A18F0A22}"
EndProject
Project("{FAE04EC0-301F-11D3-BF4B-00C04F79EFBC}") = "MikuMikuWorld_Walker_Server", "MikuMikuWorld_Walker_Server\MikuMikuWorld_Walker_Server.csproj", "{71D4EC5B-6F63-40C8-8AAB-4409864B1631}"
EndProject
Project("{FAE04EC0-301F-11D3-BF4B-00C04F79EFBC}") = "UdpNetworkTest", "UdpNetworkTest\UdpNetworkTest.csproj", "{6BB367E4-D980-4C6C-9C93-F404D3DDB0A1}"
EndProject
Project("{FAE04EC0-301F-11D3-BF4B-00C04F79EFBC}") = "HttpRequestTest", "HttpRequestTest\HttpRequestTest.csproj", "{BBBC3C8E-E615-4E65-85AA-1445730EAB21}"
EndProject
Project("{FAE04EC0-301F-11D3-BF4B-00C04F79EFBC}") = "TcpNetworkTest", "TcpNetworkTest\TcpNetworkTest.csproj", "{0845D17C-3240-4351-A247-EE0FB66D04BC}"
EndProject
Project("{FAE04EC0-301F-11D3-BF4B-00C04F79EFBC}") = "PtrTest", "PtrTest\PtrTest.csproj", "{BC4D59F3-B5A1-4657-8376-FBFF935FDE67}"
EndProject
Project("{FAE04EC0-301F-11D3-BF4B-00C04F79EFBC}") = "XModelImporter", "XModelImporter\XModelImporter.csproj", "{41B52983-2FA3-4000-B8BD-D5A6DA7E1274}"
EndProject
Project("{FAE04EC0-301F-11D3-BF4B-00C04F79EFBC}") = "MikuMikuWorld_WalkerLib", "MikuMikuWorld_WalkerLib\MikuMikuWorld_WalkerLib.csproj", "{E7F3EEF2-56FE-4F9A-AD17-CAE9123112AD}"
EndProject
Project("{FAE04EC0-301F-11D3-BF4B-00C04F79EFBC}") = "Converter_World", "Converter_World\Converter_World.csproj", "{B04E9D56-9808-416C-B679-BF2500BE3486}"
EndProject
Project("{FAE04EC0-301F-11D3-BF4B-00C04F79EFBC}") = "MikuMikuWorldBase", "MikuMikuWorldBase\MikuMikuWorldBase.csproj", "{42049F5F-02B5-45F9-AF9A-0DE7154C113D}"
EndProject
Project("{FAE04EC0-301F-11D3-BF4B-00C04F79EFBC}") = "Object_MoveTest", "Object_MoveTest\Object_MoveTest.csproj", "{E1B00161-78FD-4E8B-A102-5D2764B129C1}"
EndProject
Project("{FAE04EC0-301F-11D3-BF4B-00C04F79EFBC}") = "Exporter_MWO", "Exporter_MWO\Exporter_MWO.csproj", "{CB808B23-0EF1-4CFC-AB34-3CA4C2DCE0B8}"
EndProject
Project("{FAE04EC0-301F-11D3-BF4B-00C04F79EFBC}") = "MqoThumbnailExtract", "MqoThumbnailExtract\MqoThumbnailExtract.csproj", "{704CE983-7BEA-4332-93E0-E4A92381B5E1}"
EndProject
Project("{FAE04EC0-301F-11D3-BF4B-00C04F79EFBC}") = "Tool_Compresser", "Tool_Compresser\Tool_Compresser.csproj", "{0635ED5C-C581-414A-BCA7-EB31C87493BA}"
EndProject
Project("{FAE04EC0-301F-11D3-BF4B-00C04F79EFBC}") = "Object_RotateRepeat", "Object_RotateRepeat\Object_RotateRepeat.csproj", "{D2F4435A-C7DB-4E3A-A68E-D919E6B7C753}"
EndProject
Project("{FAE04EC0-301F-11D3-BF4B-00C04F79EFBC}") = "Object_BoneFollowTest", "Object_BoneFollowTest\Object_BoneFollowTest.csproj", "{A38898D5-948D-4BA7-B0E0-CEF34EBFBAB6}"
EndProject
Project("{FAE04EC0-301F-11D3-BF4B-00C04F79EFBC}") = "Qiita_Shader", "Qiita_Shader\Qiita_Shader.csproj", "{C33D7C57-687F-423B-88B6-D472E0409A03}"
EndProject
Global
	GlobalSection(SolutionConfigurationPlatforms) = preSolution
		Debug|Any CPU = Debug|Any CPU
		Debug|x64 = Debug|x64
		Debug|x86 = Debug|x86
		Release|Any CPU = Release|Any CPU
		Release|x64 = Release|x64
		Release|x86 = Release|x86
	EndGlobalSection
	GlobalSection(ProjectConfigurationPlatforms) = postSolution
		{3F5EC8F3-6D61-4D37-8DCD-316BC1D6B8F3}.Debug|Any CPU.ActiveCfg = Debug|Any CPU
		{3F5EC8F3-6D61-4D37-8DCD-316BC1D6B8F3}.Debug|Any CPU.Build.0 = Debug|Any CPU
		{3F5EC8F3-6D61-4D37-8DCD-316BC1D6B8F3}.Debug|x64.ActiveCfg = Debug|x64
		{3F5EC8F3-6D61-4D37-8DCD-316BC1D6B8F3}.Debug|x64.Build.0 = Debug|x64
		{3F5EC8F3-6D61-4D37-8DCD-316BC1D6B8F3}.Debug|x86.ActiveCfg = Debug|Any CPU
		{3F5EC8F3-6D61-4D37-8DCD-316BC1D6B8F3}.Debug|x86.Build.0 = Debug|Any CPU
		{3F5EC8F3-6D61-4D37-8DCD-316BC1D6B8F3}.Release|Any CPU.ActiveCfg = Release|Any CPU
		{3F5EC8F3-6D61-4D37-8DCD-316BC1D6B8F3}.Release|Any CPU.Build.0 = Release|Any CPU
		{3F5EC8F3-6D61-4D37-8DCD-316BC1D6B8F3}.Release|x64.ActiveCfg = Release|x64
		{3F5EC8F3-6D61-4D37-8DCD-316BC1D6B8F3}.Release|x64.Build.0 = Release|x64
		{3F5EC8F3-6D61-4D37-8DCD-316BC1D6B8F3}.Release|x86.ActiveCfg = Release|Any CPU
		{3F5EC8F3-6D61-4D37-8DCD-316BC1D6B8F3}.Release|x86.Build.0 = Release|Any CPU
		{7861EB20-E894-4AF5-99A7-79C2E2CB55A0}.Debug|Any CPU.ActiveCfg = Debug|Any CPU
		{7861EB20-E894-4AF5-99A7-79C2E2CB55A0}.Debug|Any CPU.Build.0 = Debug|Any CPU
		{7861EB20-E894-4AF5-99A7-79C2E2CB55A0}.Debug|x64.ActiveCfg = Debug|Any CPU
		{7861EB20-E894-4AF5-99A7-79C2E2CB55A0}.Debug|x64.Build.0 = Debug|Any CPU
		{7861EB20-E894-4AF5-99A7-79C2E2CB55A0}.Debug|x86.ActiveCfg = Debug|Any CPU
		{7861EB20-E894-4AF5-99A7-79C2E2CB55A0}.Debug|x86.Build.0 = Debug|Any CPU
		{7861EB20-E894-4AF5-99A7-79C2E2CB55A0}.Release|Any CPU.ActiveCfg = Release|Any CPU
		{7861EB20-E894-4AF5-99A7-79C2E2CB55A0}.Release|Any CPU.Build.0 = Release|Any CPU
		{7861EB20-E894-4AF5-99A7-79C2E2CB55A0}.Release|x64.ActiveCfg = Release|Any CPU
		{7861EB20-E894-4AF5-99A7-79C2E2CB55A0}.Release|x64.Build.0 = Release|Any CPU
		{7861EB20-E894-4AF5-99A7-79C2E2CB55A0}.Release|x86.ActiveCfg = Release|Any CPU
		{7861EB20-E894-4AF5-99A7-79C2E2CB55A0}.Release|x86.Build.0 = Release|Any CPU
		{D86DD1C0-3B31-4E92-840F-44E41346F631}.Debug|Any CPU.ActiveCfg = Debug|Any CPU
		{D86DD1C0-3B31-4E92-840F-44E41346F631}.Debug|Any CPU.Build.0 = Debug|Any CPU
		{D86DD1C0-3B31-4E92-840F-44E41346F631}.Debug|x64.ActiveCfg = Debug|Any CPU
		{D86DD1C0-3B31-4E92-840F-44E41346F631}.Debug|x64.Build.0 = Debug|Any CPU
		{D86DD1C0-3B31-4E92-840F-44E41346F631}.Debug|x86.ActiveCfg = Debug|Any CPU
		{D86DD1C0-3B31-4E92-840F-44E41346F631}.Debug|x86.Build.0 = Debug|Any CPU
		{D86DD1C0-3B31-4E92-840F-44E41346F631}.Release|Any CPU.ActiveCfg = Release|Any CPU
		{D86DD1C0-3B31-4E92-840F-44E41346F631}.Release|Any CPU.Build.0 = Release|Any CPU
		{D86DD1C0-3B31-4E92-840F-44E41346F631}.Release|x64.ActiveCfg = Release|Any CPU
		{D86DD1C0-3B31-4E92-840F-44E41346F631}.Release|x64.Build.0 = Release|Any CPU
		{D86DD1C0-3B31-4E92-840F-44E41346F631}.Release|x86.ActiveCfg = Release|Any CPU
		{D86DD1C0-3B31-4E92-840F-44E41346F631}.Release|x86.Build.0 = Release|Any CPU
		{10D7D246-A09B-469E-A78C-96F1C491C9AC}.Debug|Any CPU.ActiveCfg = Debug|Any CPU
		{10D7D246-A09B-469E-A78C-96F1C491C9AC}.Debug|Any CPU.Build.0 = Debug|Any CPU
		{10D7D246-A09B-469E-A78C-96F1C491C9AC}.Debug|x64.ActiveCfg = Debug|Any CPU
		{10D7D246-A09B-469E-A78C-96F1C491C9AC}.Debug|x64.Build.0 = Debug|Any CPU
		{10D7D246-A09B-469E-A78C-96F1C491C9AC}.Debug|x86.ActiveCfg = Debug|Any CPU
		{10D7D246-A09B-469E-A78C-96F1C491C9AC}.Debug|x86.Build.0 = Debug|Any CPU
		{10D7D246-A09B-469E-A78C-96F1C491C9AC}.Release|Any CPU.ActiveCfg = Release|Any CPU
		{10D7D246-A09B-469E-A78C-96F1C491C9AC}.Release|Any CPU.Build.0 = Release|Any CPU
		{10D7D246-A09B-469E-A78C-96F1C491C9AC}.Release|x64.ActiveCfg = Release|Any CPU
		{10D7D246-A09B-469E-A78C-96F1C491C9AC}.Release|x64.Build.0 = Release|Any CPU
		{10D7D246-A09B-469E-A78C-96F1C491C9AC}.Release|x86.ActiveCfg = Release|Any CPU
		{10D7D246-A09B-469E-A78C-96F1C491C9AC}.Release|x86.Build.0 = Release|Any CPU
		{34BD6B5A-0ADE-4662-9ED6-C9B6ACC046E2}.Debug|Any CPU.ActiveCfg = Debug|Any CPU
		{34BD6B5A-0ADE-4662-9ED6-C9B6ACC046E2}.Debug|Any CPU.Build.0 = Debug|Any CPU
		{34BD6B5A-0ADE-4662-9ED6-C9B6ACC046E2}.Debug|x64.ActiveCfg = Debug|Any CPU
		{34BD6B5A-0ADE-4662-9ED6-C9B6ACC046E2}.Debug|x64.Build.0 = Debug|Any CPU
		{34BD6B5A-0ADE-4662-9ED6-C9B6ACC046E2}.Debug|x86.ActiveCfg = Debug|Any CPU
		{34BD6B5A-0ADE-4662-9ED6-C9B6ACC046E2}.Debug|x86.Build.0 = Debug|Any CPU
		{34BD6B5A-0ADE-4662-9ED6-C9B6ACC046E2}.Release|Any CPU.ActiveCfg = Release|Any CPU
		{34BD6B5A-0ADE-4662-9ED6-C9B6ACC046E2}.Release|Any CPU.Build.0 = Release|Any CPU
		{34BD6B5A-0ADE-4662-9ED6-C9B6ACC046E2}.Release|x64.ActiveCfg = Release|Any CPU
		{34BD6B5A-0ADE-4662-9ED6-C9B6ACC046E2}.Release|x64.Build.0 = Release|Any CPU
		{34BD6B5A-0ADE-4662-9ED6-C9B6ACC046E2}.Release|x86.ActiveCfg = Release|Any CPU
		{34BD6B5A-0ADE-4662-9ED6-C9B6ACC046E2}.Release|x86.Build.0 = Release|Any CPU
		{835DAC26-F9B1-4874-9B78-80DEA5EA5974}.Debug|Any CPU.ActiveCfg = Debug|Any CPU
		{835DAC26-F9B1-4874-9B78-80DEA5EA5974}.Debug|Any CPU.Build.0 = Debug|Any CPU
		{835DAC26-F9B1-4874-9B78-80DEA5EA5974}.Debug|x64.ActiveCfg = Debug|Any CPU
		{835DAC26-F9B1-4874-9B78-80DEA5EA5974}.Debug|x64.Build.0 = Debug|Any CPU
		{835DAC26-F9B1-4874-9B78-80DEA5EA5974}.Debug|x86.ActiveCfg = Debug|Any CPU
		{835DAC26-F9B1-4874-9B78-80DEA5EA5974}.Debug|x86.Build.0 = Debug|Any CPU
		{835DAC26-F9B1-4874-9B78-80DEA5EA5974}.Release|Any CPU.ActiveCfg = Release|Any CPU
		{835DAC26-F9B1-4874-9B78-80DEA5EA5974}.Release|Any CPU.Build.0 = Release|Any CPU
		{835DAC26-F9B1-4874-9B78-80DEA5EA5974}.Release|x64.ActiveCfg = Release|Any CPU
		{835DAC26-F9B1-4874-9B78-80DEA5EA5974}.Release|x64.Build.0 = Release|Any CPU
		{835DAC26-F9B1-4874-9B78-80DEA5EA5974}.Release|x86.ActiveCfg = Release|Any CPU
		{835DAC26-F9B1-4874-9B78-80DEA5EA5974}.Release|x86.Build.0 = Release|Any CPU
		{3C67840C-F61B-4651-BDBF-B377B6080FB0}.Debug|Any CPU.ActiveCfg = Debug|Any CPU
		{3C67840C-F61B-4651-BDBF-B377B6080FB0}.Debug|Any CPU.Build.0 = Debug|Any CPU
		{3C67840C-F61B-4651-BDBF-B377B6080FB0}.Debug|x64.ActiveCfg = Debug|Any CPU
		{3C67840C-F61B-4651-BDBF-B377B6080FB0}.Debug|x64.Build.0 = Debug|Any CPU
		{3C67840C-F61B-4651-BDBF-B377B6080FB0}.Debug|x86.ActiveCfg = Debug|Any CPU
		{3C67840C-F61B-4651-BDBF-B377B6080FB0}.Debug|x86.Build.0 = Debug|Any CPU
		{3C67840C-F61B-4651-BDBF-B377B6080FB0}.Release|Any CPU.ActiveCfg = Release|Any CPU
		{3C67840C-F61B-4651-BDBF-B377B6080FB0}.Release|Any CPU.Build.0 = Release|Any CPU
		{3C67840C-F61B-4651-BDBF-B377B6080FB0}.Release|x64.ActiveCfg = Release|Any CPU
		{3C67840C-F61B-4651-BDBF-B377B6080FB0}.Release|x64.Build.0 = Release|Any CPU
		{3C67840C-F61B-4651-BDBF-B377B6080FB0}.Release|x86.ActiveCfg = Release|Any CPU
		{3C67840C-F61B-4651-BDBF-B377B6080FB0}.Release|x86.Build.0 = Release|Any CPU
		{BC63D84A-07FA-4102-A0D2-6B6C616EB982}.Debug|Any CPU.ActiveCfg = Debug|Any CPU
		{BC63D84A-07FA-4102-A0D2-6B6C616EB982}.Debug|Any CPU.Build.0 = Debug|Any CPU
		{BC63D84A-07FA-4102-A0D2-6B6C616EB982}.Debug|x64.ActiveCfg = Debug|Any CPU
		{BC63D84A-07FA-4102-A0D2-6B6C616EB982}.Debug|x64.Build.0 = Debug|Any CPU
		{BC63D84A-07FA-4102-A0D2-6B6C616EB982}.Debug|x86.ActiveCfg = Debug|Any CPU
		{BC63D84A-07FA-4102-A0D2-6B6C616EB982}.Debug|x86.Build.0 = Debug|Any CPU
		{BC63D84A-07FA-4102-A0D2-6B6C616EB982}.Release|Any CPU.ActiveCfg = Release|Any CPU
		{BC63D84A-07FA-4102-A0D2-6B6C616EB982}.Release|Any CPU.Build.0 = Release|Any CPU
		{BC63D84A-07FA-4102-A0D2-6B6C616EB982}.Release|x64.ActiveCfg = Release|Any CPU
		{BC63D84A-07FA-4102-A0D2-6B6C616EB982}.Release|x64.Build.0 = Release|Any CPU
		{BC63D84A-07FA-4102-A0D2-6B6C616EB982}.Release|x86.ActiveCfg = Release|Any CPU
		{BC63D84A-07FA-4102-A0D2-6B6C616EB982}.Release|x86.Build.0 = Release|Any CPU
		{2642DF33-2412-420E-B096-7628BB576E2F}.Debug|Any CPU.ActiveCfg = Debug|Any CPU
		{2642DF33-2412-420E-B096-7628BB576E2F}.Debug|Any CPU.Build.0 = Debug|Any CPU
		{2642DF33-2412-420E-B096-7628BB576E2F}.Debug|x64.ActiveCfg = Debug|Any CPU
		{2642DF33-2412-420E-B096-7628BB576E2F}.Debug|x64.Build.0 = Debug|Any CPU
		{2642DF33-2412-420E-B096-7628BB576E2F}.Debug|x86.ActiveCfg = Debug|Any CPU
		{2642DF33-2412-420E-B096-7628BB576E2F}.Debug|x86.Build.0 = Debug|Any CPU
		{2642DF33-2412-420E-B096-7628BB576E2F}.Release|Any CPU.ActiveCfg = Release|Any CPU
		{2642DF33-2412-420E-B096-7628BB576E2F}.Release|Any CPU.Build.0 = Release|Any CPU
		{2642DF33-2412-420E-B096-7628BB576E2F}.Release|x64.ActiveCfg = Release|Any CPU
		{2642DF33-2412-420E-B096-7628BB576E2F}.Release|x64.Build.0 = Release|Any CPU
		{2642DF33-2412-420E-B096-7628BB576E2F}.Release|x86.ActiveCfg = Release|Any CPU
		{2642DF33-2412-420E-B096-7628BB576E2F}.Release|x86.Build.0 = Release|Any CPU
		{0D3D4B54-0436-4BEB-8F8C-7F65A89E69D8}.Debug|Any CPU.ActiveCfg = Debug|Any CPU
		{0D3D4B54-0436-4BEB-8F8C-7F65A89E69D8}.Debug|Any CPU.Build.0 = Debug|Any CPU
		{0D3D4B54-0436-4BEB-8F8C-7F65A89E69D8}.Debug|x64.ActiveCfg = Debug|Any CPU
		{0D3D4B54-0436-4BEB-8F8C-7F65A89E69D8}.Debug|x64.Build.0 = Debug|Any CPU
		{0D3D4B54-0436-4BEB-8F8C-7F65A89E69D8}.Debug|x86.ActiveCfg = Debug|Any CPU
		{0D3D4B54-0436-4BEB-8F8C-7F65A89E69D8}.Debug|x86.Build.0 = Debug|Any CPU
		{0D3D4B54-0436-4BEB-8F8C-7F65A89E69D8}.Release|Any CPU.ActiveCfg = Release|Any CPU
		{0D3D4B54-0436-4BEB-8F8C-7F65A89E69D8}.Release|Any CPU.Build.0 = Release|Any CPU
		{0D3D4B54-0436-4BEB-8F8C-7F65A89E69D8}.Release|x64.ActiveCfg = Release|Any CPU
		{0D3D4B54-0436-4BEB-8F8C-7F65A89E69D8}.Release|x64.Build.0 = Release|Any CPU
		{0D3D4B54-0436-4BEB-8F8C-7F65A89E69D8}.Release|x86.ActiveCfg = Release|Any CPU
		{0D3D4B54-0436-4BEB-8F8C-7F65A89E69D8}.Release|x86.Build.0 = Release|Any CPU
		{061ECB6B-C8E0-4296-9031-AF14E3A114FE}.Debug|Any CPU.ActiveCfg = Debug|Any CPU
		{061ECB6B-C8E0-4296-9031-AF14E3A114FE}.Debug|Any CPU.Build.0 = Debug|Any CPU
		{061ECB6B-C8E0-4296-9031-AF14E3A114FE}.Debug|x64.ActiveCfg = Debug|Any CPU
		{061ECB6B-C8E0-4296-9031-AF14E3A114FE}.Debug|x64.Build.0 = Debug|Any CPU
		{061ECB6B-C8E0-4296-9031-AF14E3A114FE}.Debug|x86.ActiveCfg = Debug|Any CPU
		{061ECB6B-C8E0-4296-9031-AF14E3A114FE}.Debug|x86.Build.0 = Debug|Any CPU
		{061ECB6B-C8E0-4296-9031-AF14E3A114FE}.Release|Any CPU.ActiveCfg = Release|Any CPU
		{061ECB6B-C8E0-4296-9031-AF14E3A114FE}.Release|Any CPU.Build.0 = Release|Any CPU
		{061ECB6B-C8E0-4296-9031-AF14E3A114FE}.Release|x64.ActiveCfg = Release|Any CPU
		{061ECB6B-C8E0-4296-9031-AF14E3A114FE}.Release|x64.Build.0 = Release|Any CPU
		{061ECB6B-C8E0-4296-9031-AF14E3A114FE}.Release|x86.ActiveCfg = Release|Any CPU
		{061ECB6B-C8E0-4296-9031-AF14E3A114FE}.Release|x86.Build.0 = Release|Any CPU
		{84741855-51E6-4DB6-B2D2-55604875C7B7}.Debug|Any CPU.ActiveCfg = Debug|Any CPU
		{84741855-51E6-4DB6-B2D2-55604875C7B7}.Debug|Any CPU.Build.0 = Debug|Any CPU
		{84741855-51E6-4DB6-B2D2-55604875C7B7}.Debug|x64.ActiveCfg = Debug|Any CPU
		{84741855-51E6-4DB6-B2D2-55604875C7B7}.Debug|x64.Build.0 = Debug|Any CPU
		{84741855-51E6-4DB6-B2D2-55604875C7B7}.Debug|x86.ActiveCfg = Debug|Any CPU
		{84741855-51E6-4DB6-B2D2-55604875C7B7}.Debug|x86.Build.0 = Debug|Any CPU
		{84741855-51E6-4DB6-B2D2-55604875C7B7}.Release|Any CPU.ActiveCfg = Release|Any CPU
		{84741855-51E6-4DB6-B2D2-55604875C7B7}.Release|Any CPU.Build.0 = Release|Any CPU
		{84741855-51E6-4DB6-B2D2-55604875C7B7}.Release|x64.ActiveCfg = Release|Any CPU
		{84741855-51E6-4DB6-B2D2-55604875C7B7}.Release|x64.Build.0 = Release|Any CPU
		{84741855-51E6-4DB6-B2D2-55604875C7B7}.Release|x86.ActiveCfg = Release|Any CPU
		{84741855-51E6-4DB6-B2D2-55604875C7B7}.Release|x86.Build.0 = Release|Any CPU
		{83881F16-B256-4DED-A10A-AED4D69A00A3}.Debug|Any CPU.ActiveCfg = Debug|Any CPU
		{83881F16-B256-4DED-A10A-AED4D69A00A3}.Debug|Any CPU.Build.0 = Debug|Any CPU
		{83881F16-B256-4DED-A10A-AED4D69A00A3}.Debug|x64.ActiveCfg = Debug|Any CPU
		{83881F16-B256-4DED-A10A-AED4D69A00A3}.Debug|x64.Build.0 = Debug|Any CPU
		{83881F16-B256-4DED-A10A-AED4D69A00A3}.Debug|x86.ActiveCfg = Debug|Any CPU
		{83881F16-B256-4DED-A10A-AED4D69A00A3}.Debug|x86.Build.0 = Debug|Any CPU
		{83881F16-B256-4DED-A10A-AED4D69A00A3}.Release|Any CPU.ActiveCfg = Release|Any CPU
		{83881F16-B256-4DED-A10A-AED4D69A00A3}.Release|Any CPU.Build.0 = Release|Any CPU
		{83881F16-B256-4DED-A10A-AED4D69A00A3}.Release|x64.ActiveCfg = Release|Any CPU
		{83881F16-B256-4DED-A10A-AED4D69A00A3}.Release|x64.Build.0 = Release|Any CPU
		{83881F16-B256-4DED-A10A-AED4D69A00A3}.Release|x86.ActiveCfg = Release|Any CPU
		{83881F16-B256-4DED-A10A-AED4D69A00A3}.Release|x86.Build.0 = Release|Any CPU
		{4C1E15B0-31BF-4428-8080-4BD9EF4AA422}.Debug|Any CPU.ActiveCfg = Debug|Any CPU
		{4C1E15B0-31BF-4428-8080-4BD9EF4AA422}.Debug|Any CPU.Build.0 = Debug|Any CPU
		{4C1E15B0-31BF-4428-8080-4BD9EF4AA422}.Debug|x64.ActiveCfg = Debug|Any CPU
		{4C1E15B0-31BF-4428-8080-4BD9EF4AA422}.Debug|x64.Build.0 = Debug|Any CPU
		{4C1E15B0-31BF-4428-8080-4BD9EF4AA422}.Debug|x86.ActiveCfg = Debug|Any CPU
		{4C1E15B0-31BF-4428-8080-4BD9EF4AA422}.Debug|x86.Build.0 = Debug|Any CPU
		{4C1E15B0-31BF-4428-8080-4BD9EF4AA422}.Release|Any CPU.ActiveCfg = Release|Any CPU
		{4C1E15B0-31BF-4428-8080-4BD9EF4AA422}.Release|Any CPU.Build.0 = Release|Any CPU
		{4C1E15B0-31BF-4428-8080-4BD9EF4AA422}.Release|x64.ActiveCfg = Release|Any CPU
		{4C1E15B0-31BF-4428-8080-4BD9EF4AA422}.Release|x64.Build.0 = Release|Any CPU
		{4C1E15B0-31BF-4428-8080-4BD9EF4AA422}.Release|x86.ActiveCfg = Release|Any CPU
		{4C1E15B0-31BF-4428-8080-4BD9EF4AA422}.Release|x86.Build.0 = Release|Any CPU
		{6AA755CB-45ED-425B-95C3-3FA2A18F0A22}.Debug|Any CPU.ActiveCfg = Debug|Any CPU
		{6AA755CB-45ED-425B-95C3-3FA2A18F0A22}.Debug|Any CPU.Build.0 = Debug|Any CPU
		{6AA755CB-45ED-425B-95C3-3FA2A18F0A22}.Debug|x64.ActiveCfg = Debug|Any CPU
		{6AA755CB-45ED-425B-95C3-3FA2A18F0A22}.Debug|x64.Build.0 = Debug|Any CPU
		{6AA755CB-45ED-425B-95C3-3FA2A18F0A22}.Debug|x86.ActiveCfg = Debug|Any CPU
		{6AA755CB-45ED-425B-95C3-3FA2A18F0A22}.Debug|x86.Build.0 = Debug|Any CPU
		{6AA755CB-45ED-425B-95C3-3FA2A18F0A22}.Release|Any CPU.ActiveCfg = Release|Any CPU
		{6AA755CB-45ED-425B-95C3-3FA2A18F0A22}.Release|Any CPU.Build.0 = Release|Any CPU
		{6AA755CB-45ED-425B-95C3-3FA2A18F0A22}.Release|x64.ActiveCfg = Release|Any CPU
		{6AA755CB-45ED-425B-95C3-3FA2A18F0A22}.Release|x64.Build.0 = Release|Any CPU
		{6AA755CB-45ED-425B-95C3-3FA2A18F0A22}.Release|x86.ActiveCfg = Release|Any CPU
		{6AA755CB-45ED-425B-95C3-3FA2A18F0A22}.Release|x86.Build.0 = Release|Any CPU
		{71D4EC5B-6F63-40C8-8AAB-4409864B1631}.Debug|Any CPU.ActiveCfg = Debug|Any CPU
		{71D4EC5B-6F63-40C8-8AAB-4409864B1631}.Debug|Any CPU.Build.0 = Debug|Any CPU
		{71D4EC5B-6F63-40C8-8AAB-4409864B1631}.Debug|x64.ActiveCfg = Debug|Any CPU
		{71D4EC5B-6F63-40C8-8AAB-4409864B1631}.Debug|x64.Build.0 = Debug|Any CPU
		{71D4EC5B-6F63-40C8-8AAB-4409864B1631}.Debug|x86.ActiveCfg = Debug|Any CPU
		{71D4EC5B-6F63-40C8-8AAB-4409864B1631}.Debug|x86.Build.0 = Debug|Any CPU
		{71D4EC5B-6F63-40C8-8AAB-4409864B1631}.Release|Any CPU.ActiveCfg = Release|Any CPU
		{71D4EC5B-6F63-40C8-8AAB-4409864B1631}.Release|Any CPU.Build.0 = Release|Any CPU
		{71D4EC5B-6F63-40C8-8AAB-4409864B1631}.Release|x64.ActiveCfg = Release|Any CPU
		{71D4EC5B-6F63-40C8-8AAB-4409864B1631}.Release|x64.Build.0 = Release|Any CPU
		{71D4EC5B-6F63-40C8-8AAB-4409864B1631}.Release|x86.ActiveCfg = Release|Any CPU
		{71D4EC5B-6F63-40C8-8AAB-4409864B1631}.Release|x86.Build.0 = Release|Any CPU
		{6BB367E4-D980-4C6C-9C93-F404D3DDB0A1}.Debug|Any CPU.ActiveCfg = Debug|Any CPU
		{6BB367E4-D980-4C6C-9C93-F404D3DDB0A1}.Debug|Any CPU.Build.0 = Debug|Any CPU
		{6BB367E4-D980-4C6C-9C93-F404D3DDB0A1}.Debug|x64.ActiveCfg = Debug|Any CPU
		{6BB367E4-D980-4C6C-9C93-F404D3DDB0A1}.Debug|x64.Build.0 = Debug|Any CPU
		{6BB367E4-D980-4C6C-9C93-F404D3DDB0A1}.Debug|x86.ActiveCfg = Debug|Any CPU
		{6BB367E4-D980-4C6C-9C93-F404D3DDB0A1}.Debug|x86.Build.0 = Debug|Any CPU
		{6BB367E4-D980-4C6C-9C93-F404D3DDB0A1}.Release|Any CPU.ActiveCfg = Release|Any CPU
		{6BB367E4-D980-4C6C-9C93-F404D3DDB0A1}.Release|Any CPU.Build.0 = Release|Any CPU
		{6BB367E4-D980-4C6C-9C93-F404D3DDB0A1}.Release|x64.ActiveCfg = Release|Any CPU
		{6BB367E4-D980-4C6C-9C93-F404D3DDB0A1}.Release|x64.Build.0 = Release|Any CPU
		{6BB367E4-D980-4C6C-9C93-F404D3DDB0A1}.Release|x86.ActiveCfg = Release|Any CPU
		{6BB367E4-D980-4C6C-9C93-F404D3DDB0A1}.Release|x86.Build.0 = Release|Any CPU
		{BBBC3C8E-E615-4E65-85AA-1445730EAB21}.Debug|Any CPU.ActiveCfg = Debug|Any CPU
		{BBBC3C8E-E615-4E65-85AA-1445730EAB21}.Debug|Any CPU.Build.0 = Debug|Any CPU
		{BBBC3C8E-E615-4E65-85AA-1445730EAB21}.Debug|x64.ActiveCfg = Debug|Any CPU
		{BBBC3C8E-E615-4E65-85AA-1445730EAB21}.Debug|x64.Build.0 = Debug|Any CPU
		{BBBC3C8E-E615-4E65-85AA-1445730EAB21}.Debug|x86.ActiveCfg = Debug|Any CPU
		{BBBC3C8E-E615-4E65-85AA-1445730EAB21}.Debug|x86.Build.0 = Debug|Any CPU
		{BBBC3C8E-E615-4E65-85AA-1445730EAB21}.Release|Any CPU.ActiveCfg = Release|Any CPU
		{BBBC3C8E-E615-4E65-85AA-1445730EAB21}.Release|Any CPU.Build.0 = Release|Any CPU
		{BBBC3C8E-E615-4E65-85AA-1445730EAB21}.Release|x64.ActiveCfg = Release|Any CPU
		{BBBC3C8E-E615-4E65-85AA-1445730EAB21}.Release|x64.Build.0 = Release|Any CPU
		{BBBC3C8E-E615-4E65-85AA-1445730EAB21}.Release|x86.ActiveCfg = Release|Any CPU
		{BBBC3C8E-E615-4E65-85AA-1445730EAB21}.Release|x86.Build.0 = Release|Any CPU
		{0845D17C-3240-4351-A247-EE0FB66D04BC}.Debug|Any CPU.ActiveCfg = Debug|Any CPU
		{0845D17C-3240-4351-A247-EE0FB66D04BC}.Debug|Any CPU.Build.0 = Debug|Any CPU
		{0845D17C-3240-4351-A247-EE0FB66D04BC}.Debug|x64.ActiveCfg = Debug|Any CPU
		{0845D17C-3240-4351-A247-EE0FB66D04BC}.Debug|x64.Build.0 = Debug|Any CPU
		{0845D17C-3240-4351-A247-EE0FB66D04BC}.Debug|x86.ActiveCfg = Debug|Any CPU
		{0845D17C-3240-4351-A247-EE0FB66D04BC}.Debug|x86.Build.0 = Debug|Any CPU
		{0845D17C-3240-4351-A247-EE0FB66D04BC}.Release|Any CPU.ActiveCfg = Release|Any CPU
		{0845D17C-3240-4351-A247-EE0FB66D04BC}.Release|Any CPU.Build.0 = Release|Any CPU
		{0845D17C-3240-4351-A247-EE0FB66D04BC}.Release|x64.ActiveCfg = Release|Any CPU
		{0845D17C-3240-4351-A247-EE0FB66D04BC}.Release|x64.Build.0 = Release|Any CPU
		{0845D17C-3240-4351-A247-EE0FB66D04BC}.Release|x86.ActiveCfg = Release|Any CPU
		{0845D17C-3240-4351-A247-EE0FB66D04BC}.Release|x86.Build.0 = Release|Any CPU
		{BC4D59F3-B5A1-4657-8376-FBFF935FDE67}.Debug|Any CPU.ActiveCfg = Debug|Any CPU
		{BC4D59F3-B5A1-4657-8376-FBFF935FDE67}.Debug|Any CPU.Build.0 = Debug|Any CPU
		{BC4D59F3-B5A1-4657-8376-FBFF935FDE67}.Debug|x64.ActiveCfg = Debug|Any CPU
		{BC4D59F3-B5A1-4657-8376-FBFF935FDE67}.Debug|x64.Build.0 = Debug|Any CPU
		{BC4D59F3-B5A1-4657-8376-FBFF935FDE67}.Debug|x86.ActiveCfg = Debug|Any CPU
		{BC4D59F3-B5A1-4657-8376-FBFF935FDE67}.Debug|x86.Build.0 = Debug|Any CPU
		{BC4D59F3-B5A1-4657-8376-FBFF935FDE67}.Release|Any CPU.ActiveCfg = Release|Any CPU
		{BC4D59F3-B5A1-4657-8376-FBFF935FDE67}.Release|Any CPU.Build.0 = Release|Any CPU
		{BC4D59F3-B5A1-4657-8376-FBFF935FDE67}.Release|x64.ActiveCfg = Release|Any CPU
		{BC4D59F3-B5A1-4657-8376-FBFF935FDE67}.Release|x64.Build.0 = Release|Any CPU
		{BC4D59F3-B5A1-4657-8376-FBFF935FDE67}.Release|x86.ActiveCfg = Release|Any CPU
		{BC4D59F3-B5A1-4657-8376-FBFF935FDE67}.Release|x86.Build.0 = Release|Any CPU
		{41B52983-2FA3-4000-B8BD-D5A6DA7E1274}.Debug|Any CPU.ActiveCfg = Debug|Any CPU
		{41B52983-2FA3-4000-B8BD-D5A6DA7E1274}.Debug|Any CPU.Build.0 = Debug|Any CPU
		{41B52983-2FA3-4000-B8BD-D5A6DA7E1274}.Debug|x64.ActiveCfg = Debug|Any CPU
		{41B52983-2FA3-4000-B8BD-D5A6DA7E1274}.Debug|x64.Build.0 = Debug|Any CPU
		{41B52983-2FA3-4000-B8BD-D5A6DA7E1274}.Debug|x86.ActiveCfg = Debug|Any CPU
		{41B52983-2FA3-4000-B8BD-D5A6DA7E1274}.Debug|x86.Build.0 = Debug|Any CPU
		{41B52983-2FA3-4000-B8BD-D5A6DA7E1274}.Release|Any CPU.ActiveCfg = Release|Any CPU
		{41B52983-2FA3-4000-B8BD-D5A6DA7E1274}.Release|Any CPU.Build.0 = Release|Any CPU
		{41B52983-2FA3-4000-B8BD-D5A6DA7E1274}.Release|x64.ActiveCfg = Release|Any CPU
		{41B52983-2FA3-4000-B8BD-D5A6DA7E1274}.Release|x64.Build.0 = Release|Any CPU
		{41B52983-2FA3-4000-B8BD-D5A6DA7E1274}.Release|x86.ActiveCfg = Release|Any CPU
		{41B52983-2FA3-4000-B8BD-D5A6DA7E1274}.Release|x86.Build.0 = Release|Any CPU
		{E7F3EEF2-56FE-4F9A-AD17-CAE9123112AD}.Debug|Any CPU.ActiveCfg = Debug|Any CPU
		{E7F3EEF2-56FE-4F9A-AD17-CAE9123112AD}.Debug|Any CPU.Build.0 = Debug|Any CPU
		{E7F3EEF2-56FE-4F9A-AD17-CAE9123112AD}.Debug|x64.ActiveCfg = Debug|Any CPU
		{E7F3EEF2-56FE-4F9A-AD17-CAE9123112AD}.Debug|x64.Build.0 = Debug|Any CPU
		{E7F3EEF2-56FE-4F9A-AD17-CAE9123112AD}.Debug|x86.ActiveCfg = Debug|Any CPU
		{E7F3EEF2-56FE-4F9A-AD17-CAE9123112AD}.Debug|x86.Build.0 = Debug|Any CPU
		{E7F3EEF2-56FE-4F9A-AD17-CAE9123112AD}.Release|Any CPU.ActiveCfg = Release|Any CPU
		{E7F3EEF2-56FE-4F9A-AD17-CAE9123112AD}.Release|Any CPU.Build.0 = Release|Any CPU
		{E7F3EEF2-56FE-4F9A-AD17-CAE9123112AD}.Release|x64.ActiveCfg = Release|Any CPU
		{E7F3EEF2-56FE-4F9A-AD17-CAE9123112AD}.Release|x64.Build.0 = Release|Any CPU
		{E7F3EEF2-56FE-4F9A-AD17-CAE9123112AD}.Release|x86.ActiveCfg = Release|Any CPU
		{E7F3EEF2-56FE-4F9A-AD17-CAE9123112AD}.Release|x86.Build.0 = Release|Any CPU
		{B04E9D56-9808-416C-B679-BF2500BE3486}.Debug|Any CPU.ActiveCfg = Debug|Any CPU
		{B04E9D56-9808-416C-B679-BF2500BE3486}.Debug|Any CPU.Build.0 = Debug|Any CPU
		{B04E9D56-9808-416C-B679-BF2500BE3486}.Debug|x64.ActiveCfg = Debug|Any CPU
		{B04E9D56-9808-416C-B679-BF2500BE3486}.Debug|x64.Build.0 = Debug|Any CPU
		{B04E9D56-9808-416C-B679-BF2500BE3486}.Debug|x86.ActiveCfg = Debug|Any CPU
		{B04E9D56-9808-416C-B679-BF2500BE3486}.Debug|x86.Build.0 = Debug|Any CPU
		{B04E9D56-9808-416C-B679-BF2500BE3486}.Release|Any CPU.ActiveCfg = Release|Any CPU
		{B04E9D56-9808-416C-B679-BF2500BE3486}.Release|Any CPU.Build.0 = Release|Any CPU
		{B04E9D56-9808-416C-B679-BF2500BE3486}.Release|x64.ActiveCfg = Release|Any CPU
		{B04E9D56-9808-416C-B679-BF2500BE3486}.Release|x64.Build.0 = Release|Any CPU
		{B04E9D56-9808-416C-B679-BF2500BE3486}.Release|x86.ActiveCfg = Release|Any CPU
		{B04E9D56-9808-416C-B679-BF2500BE3486}.Release|x86.Build.0 = Release|Any CPU
		{42049F5F-02B5-45F9-AF9A-0DE7154C113D}.Debug|Any CPU.ActiveCfg = Debug|Any CPU
		{42049F5F-02B5-45F9-AF9A-0DE7154C113D}.Debug|Any CPU.Build.0 = Debug|Any CPU
		{42049F5F-02B5-45F9-AF9A-0DE7154C113D}.Debug|x64.ActiveCfg = Debug|Any CPU
		{42049F5F-02B5-45F9-AF9A-0DE7154C113D}.Debug|x64.Build.0 = Debug|Any CPU
		{42049F5F-02B5-45F9-AF9A-0DE7154C113D}.Debug|x86.ActiveCfg = Debug|Any CPU
		{42049F5F-02B5-45F9-AF9A-0DE7154C113D}.Debug|x86.Build.0 = Debug|Any CPU
		{42049F5F-02B5-45F9-AF9A-0DE7154C113D}.Release|Any CPU.ActiveCfg = Release|Any CPU
		{42049F5F-02B5-45F9-AF9A-0DE7154C113D}.Release|Any CPU.Build.0 = Release|Any CPU
		{42049F5F-02B5-45F9-AF9A-0DE7154C113D}.Release|x64.ActiveCfg = Release|Any CPU
		{42049F5F-02B5-45F9-AF9A-0DE7154C113D}.Release|x64.Build.0 = Release|Any CPU
		{42049F5F-02B5-45F9-AF9A-0DE7154C113D}.Release|x86.ActiveCfg = Release|Any CPU
		{42049F5F-02B5-45F9-AF9A-0DE7154C113D}.Release|x86.Build.0 = Release|Any CPU
		{E1B00161-78FD-4E8B-A102-5D2764B129C1}.Debug|Any CPU.ActiveCfg = Debug|Any CPU
		{E1B00161-78FD-4E8B-A102-5D2764B129C1}.Debug|Any CPU.Build.0 = Debug|Any CPU
		{E1B00161-78FD-4E8B-A102-5D2764B129C1}.Debug|x64.ActiveCfg = Debug|Any CPU
		{E1B00161-78FD-4E8B-A102-5D2764B129C1}.Debug|x64.Build.0 = Debug|Any CPU
		{E1B00161-78FD-4E8B-A102-5D2764B129C1}.Debug|x86.ActiveCfg = Debug|Any CPU
		{E1B00161-78FD-4E8B-A102-5D2764B129C1}.Debug|x86.Build.0 = Debug|Any CPU
		{E1B00161-78FD-4E8B-A102-5D2764B129C1}.Release|Any CPU.ActiveCfg = Release|Any CPU
		{E1B00161-78FD-4E8B-A102-5D2764B129C1}.Release|Any CPU.Build.0 = Release|Any CPU
		{E1B00161-78FD-4E8B-A102-5D2764B129C1}.Release|x64.ActiveCfg = Release|Any CPU
		{E1B00161-78FD-4E8B-A102-5D2764B129C1}.Release|x64.Build.0 = Release|Any CPU
		{E1B00161-78FD-4E8B-A102-5D2764B129C1}.Release|x86.ActiveCfg = Release|Any CPU
		{E1B00161-78FD-4E8B-A102-5D2764B129C1}.Release|x86.Build.0 = Release|Any CPU
		{CB808B23-0EF1-4CFC-AB34-3CA4C2DCE0B8}.Debug|Any CPU.ActiveCfg = Debug|Any CPU
		{CB808B23-0EF1-4CFC-AB34-3CA4C2DCE0B8}.Debug|Any CPU.Build.0 = Debug|Any CPU
		{CB808B23-0EF1-4CFC-AB34-3CA4C2DCE0B8}.Debug|x64.ActiveCfg = Debug|Any CPU
		{CB808B23-0EF1-4CFC-AB34-3CA4C2DCE0B8}.Debug|x64.Build.0 = Debug|Any CPU
		{CB808B23-0EF1-4CFC-AB34-3CA4C2DCE0B8}.Debug|x86.ActiveCfg = Debug|Any CPU
		{CB808B23-0EF1-4CFC-AB34-3CA4C2DCE0B8}.Debug|x86.Build.0 = Debug|Any CPU
		{CB808B23-0EF1-4CFC-AB34-3CA4C2DCE0B8}.Release|Any CPU.ActiveCfg = Release|Any CPU
		{CB808B23-0EF1-4CFC-AB34-3CA4C2DCE0B8}.Release|Any CPU.Build.0 = Release|Any CPU
		{CB808B23-0EF1-4CFC-AB34-3CA4C2DCE0B8}.Release|x64.ActiveCfg = Release|Any CPU
		{CB808B23-0EF1-4CFC-AB34-3CA4C2DCE0B8}.Release|x64.Build.0 = Release|Any CPU
		{CB808B23-0EF1-4CFC-AB34-3CA4C2DCE0B8}.Release|x86.ActiveCfg = Release|Any CPU
		{CB808B23-0EF1-4CFC-AB34-3CA4C2DCE0B8}.Release|x86.Build.0 = Release|Any CPU
		{704CE983-7BEA-4332-93E0-E4A92381B5E1}.Debug|Any CPU.ActiveCfg = Debug|Any CPU
		{704CE983-7BEA-4332-93E0-E4A92381B5E1}.Debug|Any CPU.Build.0 = Debug|Any CPU
		{704CE983-7BEA-4332-93E0-E4A92381B5E1}.Debug|x64.ActiveCfg = Debug|Any CPU
		{704CE983-7BEA-4332-93E0-E4A92381B5E1}.Debug|x64.Build.0 = Debug|Any CPU
		{704CE983-7BEA-4332-93E0-E4A92381B5E1}.Debug|x86.ActiveCfg = Debug|Any CPU
		{704CE983-7BEA-4332-93E0-E4A92381B5E1}.Debug|x86.Build.0 = Debug|Any CPU
		{704CE983-7BEA-4332-93E0-E4A92381B5E1}.Release|Any CPU.ActiveCfg = Release|Any CPU
		{704CE983-7BEA-4332-93E0-E4A92381B5E1}.Release|Any CPU.Build.0 = Release|Any CPU
		{704CE983-7BEA-4332-93E0-E4A92381B5E1}.Release|x64.ActiveCfg = Release|Any CPU
		{704CE983-7BEA-4332-93E0-E4A92381B5E1}.Release|x64.Build.0 = Release|Any CPU
		{704CE983-7BEA-4332-93E0-E4A92381B5E1}.Release|x86.ActiveCfg = Release|Any CPU
		{704CE983-7BEA-4332-93E0-E4A92381B5E1}.Release|x86.Build.0 = Release|Any CPU
		{0635ED5C-C581-414A-BCA7-EB31C87493BA}.Debug|Any CPU.ActiveCfg = Debug|Any CPU
		{0635ED5C-C581-414A-BCA7-EB31C87493BA}.Debug|Any CPU.Build.0 = Debug|Any CPU
		{0635ED5C-C581-414A-BCA7-EB31C87493BA}.Debug|x64.ActiveCfg = Debug|Any CPU
		{0635ED5C-C581-414A-BCA7-EB31C87493BA}.Debug|x64.Build.0 = Debug|Any CPU
		{0635ED5C-C581-414A-BCA7-EB31C87493BA}.Debug|x86.ActiveCfg = Debug|Any CPU
		{0635ED5C-C581-414A-BCA7-EB31C87493BA}.Debug|x86.Build.0 = Debug|Any CPU
		{0635ED5C-C581-414A-BCA7-EB31C87493BA}.Release|Any CPU.ActiveCfg = Release|Any CPU
		{0635ED5C-C581-414A-BCA7-EB31C87493BA}.Release|Any CPU.Build.0 = Release|Any CPU
		{0635ED5C-C581-414A-BCA7-EB31C87493BA}.Release|x64.ActiveCfg = Release|Any CPU
		{0635ED5C-C581-414A-BCA7-EB31C87493BA}.Release|x64.Build.0 = Release|Any CPU
		{0635ED5C-C581-414A-BCA7-EB31C87493BA}.Release|x86.ActiveCfg = Release|Any CPU
		{0635ED5C-C581-414A-BCA7-EB31C87493BA}.Release|x86.Build.0 = Release|Any CPU
		{D2F4435A-C7DB-4E3A-A68E-D919E6B7C753}.Debug|Any CPU.ActiveCfg = Debug|Any CPU
		{D2F4435A-C7DB-4E3A-A68E-D919E6B7C753}.Debug|Any CPU.Build.0 = Debug|Any CPU
		{D2F4435A-C7DB-4E3A-A68E-D919E6B7C753}.Debug|x64.ActiveCfg = Debug|Any CPU
		{D2F4435A-C7DB-4E3A-A68E-D919E6B7C753}.Debug|x64.Build.0 = Debug|Any CPU
		{D2F4435A-C7DB-4E3A-A68E-D919E6B7C753}.Debug|x86.ActiveCfg = Debug|Any CPU
		{D2F4435A-C7DB-4E3A-A68E-D919E6B7C753}.Debug|x86.Build.0 = Debug|Any CPU
		{D2F4435A-C7DB-4E3A-A68E-D919E6B7C753}.Release|Any CPU.ActiveCfg = Release|Any CPU
		{D2F4435A-C7DB-4E3A-A68E-D919E6B7C753}.Release|Any CPU.Build.0 = Release|Any CPU
		{D2F4435A-C7DB-4E3A-A68E-D919E6B7C753}.Release|x64.ActiveCfg = Release|Any CPU
		{D2F4435A-C7DB-4E3A-A68E-D919E6B7C753}.Release|x64.Build.0 = Release|Any CPU
		{D2F4435A-C7DB-4E3A-A68E-D919E6B7C753}.Release|x86.ActiveCfg = Release|Any CPU
		{D2F4435A-C7DB-4E3A-A68E-D919E6B7C753}.Release|x86.Build.0 = Release|Any CPU
		{A38898D5-948D-4BA7-B0E0-CEF34EBFBAB6}.Debug|Any CPU.ActiveCfg = Debug|Any CPU
		{A38898D5-948D-4BA7-B0E0-CEF34EBFBAB6}.Debug|Any CPU.Build.0 = Debug|Any CPU
		{A38898D5-948D-4BA7-B0E0-CEF34EBFBAB6}.Debug|x64.ActiveCfg = Debug|Any CPU
		{A38898D5-948D-4BA7-B0E0-CEF34EBFBAB6}.Debug|x64.Build.0 = Debug|Any CPU
		{A38898D5-948D-4BA7-B0E0-CEF34EBFBAB6}.Debug|x86.ActiveCfg = Debug|Any CPU
		{A38898D5-948D-4BA7-B0E0-CEF34EBFBAB6}.Debug|x86.Build.0 = Debug|Any CPU
		{A38898D5-948D-4BA7-B0E0-CEF34EBFBAB6}.Release|Any CPU.ActiveCfg = Release|Any CPU
		{A38898D5-948D-4BA7-B0E0-CEF34EBFBAB6}.Release|Any CPU.Build.0 = Release|Any CPU
		{A38898D5-948D-4BA7-B0E0-CEF34EBFBAB6}.Release|x64.ActiveCfg = Release|Any CPU
		{A38898D5-948D-4BA7-B0E0-CEF34EBFBAB6}.Release|x64.Build.0 = Release|Any CPU
		{A38898D5-948D-4BA7-B0E0-CEF34EBFBAB6}.Release|x86.ActiveCfg = Release|Any CPU
		{A38898D5-948D-4BA7-B0E0-CEF34EBFBAB6}.Release|x86.Build.0 = Release|Any CPU
		{C33D7C57-687F-423B-88B6-D472E0409A03}.Debug|Any CPU.ActiveCfg = Debug|Any CPU
		{C33D7C57-687F-423B-88B6-D472E0409A03}.Debug|Any CPU.Build.0 = Debug|Any CPU
		{C33D7C57-687F-423B-88B6-D472E0409A03}.Debug|x64.ActiveCfg = Debug|Any CPU
		{C33D7C57-687F-423B-88B6-D472E0409A03}.Debug|x64.Build.0 = Debug|Any CPU
		{C33D7C57-687F-423B-88B6-D472E0409A03}.Debug|x86.ActiveCfg = Debug|Any CPU
		{C33D7C57-687F-423B-88B6-D472E0409A03}.Debug|x86.Build.0 = Debug|Any CPU
		{C33D7C57-687F-423B-88B6-D472E0409A03}.Release|Any CPU.ActiveCfg = Release|Any CPU
		{C33D7C57-687F-423B-88B6-D472E0409A03}.Release|Any CPU.Build.0 = Release|Any CPU
		{C33D7C57-687F-423B-88B6-D472E0409A03}.Release|x64.ActiveCfg = Release|Any CPU
		{C33D7C57-687F-423B-88B6-D472E0409A03}.Release|x64.Build.0 = Release|Any CPU
		{C33D7C57-687F-423B-88B6-D472E0409A03}.Release|x86.ActiveCfg = Release|Any CPU
		{C33D7C57-687F-423B-88B6-D472E0409A03}.Release|x86.Build.0 = Release|Any CPU
	EndGlobalSection
	GlobalSection(SolutionProperties) = preSolution
		HideSolutionNode = FALSE
	EndGlobalSection
	GlobalSection(ExtensibilityGlobals) = postSolution
		SolutionGuid = {AF9B67AD-C477-42D4-9E8C-1F6A29B0AE28}
	EndGlobalSection
EndGlobal
